
Microsoft Visual Studio Solution File, Format Version 12.00
# Visual Studio Version 17
VisualStudioVersion = 17.0.31903.59
MinimumVisualStudioVersion = 10.0.40219.1
Project("{2150E333-8FDC-42A3-9474-1A3956D46DE8}") = "Services", "Services", "{67FD5A18-F117-4392-8CB5-C0292A7B36ED}"
EndProject
Project("{2150E333-8FDC-42A3-9474-1A3956D46DE8}") = "Catalog", "Catalog", "{C4A75E17-F950-4695-952C-DB459E76EC26}"
EndProject
Project("{FAE04EC0-301F-11D3-BF4B-00C04F79EFBC}") = "Catalog.API", "Services\Catalog\Catalog.API\Catalog.API.csproj", "{4586012F-5921-4964-A0D0-EF45525B3639}"
EndProject
Project("{2150E333-8FDC-42A3-9474-1A3956D46DE8}") = "BuildingBlocks", "BuildingBlocks", "{56C69022-844A-4D19-AEEC-007A86279072}"
EndProject
Project("{FAE04EC0-301F-11D3-BF4B-00C04F79EFBC}") = "BuildingBlocks", "BuildingBlocks\BuildingBlocks\BuildingBlocks.csproj", "{D8C6158E-F5E3-4B1C-A296-73C0A53B3CC4}"
EndProject
Project("{E53339B2-1760-4266-BCC7-CA923CBCF16C}") = "docker-compose", "docker-compose.dcproj", "{58F82673-2F45-47E4-9BCB-F73857F1B523}"
EndProject
Project("{2150E333-8FDC-42A3-9474-1A3956D46DE8}") = "Basket", "Basket", "{7342E85B-8631-4EC2-84D4-AF46B2DBFF98}"
EndProject
Project("{FAE04EC0-301F-11D3-BF4B-00C04F79EFBC}") = "Basket.API", "Services\Basket\Basket.API\Basket.API.csproj", "{EE097691-6F02-4D98-82F3-220C398DE9B3}"
EndProject
Global
	GlobalSection(SolutionConfigurationPlatforms) = preSolution
		Debug|Any CPU = Debug|Any CPU
		Release|Any CPU = Release|Any CPU
	EndGlobalSection
	GlobalSection(ProjectConfigurationPlatforms) = postSolution
		{4586012F-5921-4964-A0D0-EF45525B3639}.Debug|Any CPU.ActiveCfg = Debug|Any CPU
		{4586012F-5921-4964-A0D0-EF45525B3639}.Debug|Any CPU.Build.0 = Debug|Any CPU
		{4586012F-5921-4964-A0D0-EF45525B3639}.Release|Any CPU.ActiveCfg = Release|Any CPU
		{4586012F-5921-4964-A0D0-EF45525B3639}.Release|Any CPU.Build.0 = Release|Any CPU
		{D8C6158E-F5E3-4B1C-A296-73C0A53B3CC4}.Debug|Any CPU.ActiveCfg = Debug|Any CPU
		{D8C6158E-F5E3-4B1C-A296-73C0A53B3CC4}.Debug|Any CPU.Build.0 = Debug|Any CPU
		{D8C6158E-F5E3-4B1C-A296-73C0A53B3CC4}.Release|Any CPU.ActiveCfg = Release|Any CPU
		{D8C6158E-F5E3-4B1C-A296-73C0A53B3CC4}.Release|Any CPU.Build.0 = Release|Any CPU
		{58F82673-2F45-47E4-9BCB-F73857F1B523}.Debug|Any CPU.ActiveCfg = Debug|Any CPU
		{58F82673-2F45-47E4-9BCB-F73857F1B523}.Debug|Any CPU.Build.0 = Debug|Any CPU
		{58F82673-2F45-47E4-9BCB-F73857F1B523}.Release|Any CPU.ActiveCfg = Release|Any CPU
		{58F82673-2F45-47E4-9BCB-F73857F1B523}.Release|Any CPU.Build.0 = Release|Any CPU
		{EE097691-6F02-4D98-82F3-220C398DE9B3}.Debug|Any CPU.ActiveCfg = Debug|Any CPU
		{EE097691-6F02-4D98-82F3-220C398DE9B3}.Debug|Any CPU.Build.0 = Debug|Any CPU
		{EE097691-6F02-4D98-82F3-220C398DE9B3}.Release|Any CPU.ActiveCfg = Release|Any CPU
		{EE097691-6F02-4D98-82F3-220C398DE9B3}.Release|Any CPU.Build.0 = Release|Any CPU
	EndGlobalSection
	GlobalSection(SolutionProperties) = preSolution
		HideSolutionNode = FALSE
	EndGlobalSection
	GlobalSection(NestedProjects) = preSolution
		{C4A75E17-F950-4695-952C-DB459E76EC26} = {67FD5A18-F117-4392-8CB5-C0292A7B36ED}
		{4586012F-5921-4964-A0D0-EF45525B3639} = {C4A75E17-F950-4695-952C-DB459E76EC26}
		{D8C6158E-F5E3-4B1C-A296-73C0A53B3CC4} = {56C69022-844A-4D19-AEEC-007A86279072}
		{7342E85B-8631-4EC2-84D4-AF46B2DBFF98} = {67FD5A18-F117-4392-8CB5-C0292A7B36ED}
		{EE097691-6F02-4D98-82F3-220C398DE9B3} = {7342E85B-8631-4EC2-84D4-AF46B2DBFF98}
	EndGlobalSection
EndGlobal
